
Microsoft Visual Studio Solution File, Format Version 12.00
# Visual Studio Version 17
VisualStudioVersion = 17.4.33213.308
MinimumVisualStudioVersion = 10.0.40219.1
Project("{9A19103F-16F7-4668-BE54-9A1E7A4F7556}") = "BugReport.Repository", "BugReport.Repository\BugReport.Repository.csproj", "{B9DE235C-44F8-4EB5-9D21-27EDDB147B88}"
EndProject
Project("{9A19103F-16F7-4668-BE54-9A1E7A4F7556}") = "BugReport.Service", "BugReport.Service\BugReport.Service.csproj", "{13EE455B-E273-4BA3-8017-ABE13FF70015}"
EndProject
Project("{9A19103F-16F7-4668-BE54-9A1E7A4F7556}") = "BugReport.EF_Core", "BugReport.EF_Core\BugReport.EF_Core.csproj", "{323BC3A5-C165-492F-8A45-6D2E0D6EC612}"
EndProject
Project("{9A19103F-16F7-4668-BE54-9A1E7A4F7556}") = "BugReport.UnitTest", "BugReport.UnitTest\BugReport.UnitTest.csproj", "{6F56FCED-3E3F-46B5-B136-92D43A31A4F2}"
EndProject
Project("{9A19103F-16F7-4668-BE54-9A1E7A4F7556}") = "BugReport.Core", "BugReport.Core\BugReport.Core.csproj", "{50FE6D5C-1760-4B46-8BA7-113FD6A5FC78}"
EndProject
Project("{FAE04EC0-301F-11D3-BF4B-00C04F79EFBC}") = "BugReport.Backend", "BugReport.Backend\BugReport.Backend.csproj", "{AC24A29E-553F-4758-89DC-68CEC86DAF1E}"
EndProject
Global
	GlobalSection(SolutionConfigurationPlatforms) = preSolution
		Debug|Any CPU = Debug|Any CPU
		Release|Any CPU = Release|Any CPU
	EndGlobalSection
	GlobalSection(ProjectConfigurationPlatforms) = postSolution
		{B9DE235C-44F8-4EB5-9D21-27EDDB147B88}.Debug|Any CPU.ActiveCfg = Debug|Any CPU
		{B9DE235C-44F8-4EB5-9D21-27EDDB147B88}.Debug|Any CPU.Build.0 = Debug|Any CPU
		{B9DE235C-44F8-4EB5-9D21-27EDDB147B88}.Release|Any CPU.ActiveCfg = Release|Any CPU
		{B9DE235C-44F8-4EB5-9D21-27EDDB147B88}.Release|Any CPU.Build.0 = Release|Any CPU
		{13EE455B-E273-4BA3-8017-ABE13FF70015}.Debug|Any CPU.ActiveCfg = Debug|Any CPU
		{13EE455B-E273-4BA3-8017-ABE13FF70015}.Debug|Any CPU.Build.0 = Debug|Any CPU
		{13EE455B-E273-4BA3-8017-ABE13FF70015}.Release|Any CPU.ActiveCfg = Release|Any CPU
		{13EE455B-E273-4BA3-8017-ABE13FF70015}.Release|Any CPU.Build.0 = Release|Any CPU
		{323BC3A5-C165-492F-8A45-6D2E0D6EC612}.Debug|Any CPU.ActiveCfg = Debug|Any CPU
		{323BC3A5-C165-492F-8A45-6D2E0D6EC612}.Debug|Any CPU.Build.0 = Debug|Any CPU
		{323BC3A5-C165-492F-8A45-6D2E0D6EC612}.Release|Any CPU.ActiveCfg = Release|Any CPU
		{323BC3A5-C165-492F-8A45-6D2E0D6EC612}.Release|Any CPU.Build.0 = Release|Any CPU
		{6F56FCED-3E3F-46B5-B136-92D43A31A4F2}.Debug|Any CPU.ActiveCfg = Debug|Any CPU
		{6F56FCED-3E3F-46B5-B136-92D43A31A4F2}.Debug|Any CPU.Build.0 = Debug|Any CPU
		{6F56FCED-3E3F-46B5-B136-92D43A31A4F2}.Release|Any CPU.ActiveCfg = Release|Any CPU
		{6F56FCED-3E3F-46B5-B136-92D43A31A4F2}.Release|Any CPU.Build.0 = Release|Any CPU
		{50FE6D5C-1760-4B46-8BA7-113FD6A5FC78}.Debug|Any CPU.ActiveCfg = Debug|Any CPU
		{50FE6D5C-1760-4B46-8BA7-113FD6A5FC78}.Debug|Any CPU.Build.0 = Debug|Any CPU
		{50FE6D5C-1760-4B46-8BA7-113FD6A5FC78}.Release|Any CPU.ActiveCfg = Release|Any CPU
		{50FE6D5C-1760-4B46-8BA7-113FD6A5FC78}.Release|Any CPU.Build.0 = Release|Any CPU
		{AC24A29E-553F-4758-89DC-68CEC86DAF1E}.Debug|Any CPU.ActiveCfg = Debug|Any CPU
		{AC24A29E-553F-4758-89DC-68CEC86DAF1E}.Debug|Any CPU.Build.0 = Debug|Any CPU
		{AC24A29E-553F-4758-89DC-68CEC86DAF1E}.Release|Any CPU.ActiveCfg = Release|Any CPU
		{AC24A29E-553F-4758-89DC-68CEC86DAF1E}.Release|Any CPU.Build.0 = Release|Any CPU
	EndGlobalSection
	GlobalSection(SolutionProperties) = preSolution
		HideSolutionNode = FALSE
	EndGlobalSection
	GlobalSection(ExtensibilityGlobals) = postSolution
		SolutionGuid = {DD8EB564-4374-48B9-99D4-F797246ABF16}
	EndGlobalSection
EndGlobal
